// !$*UTF8*$!
{
	archiveVersion = 1;
	classes = {
	};
	objectVersion = 55;
	objects = {

/* Begin PBXBuildFile section */
		C4D770BB271DB5D500D33D51 /* _0211017_ArmandoHerrera_NYCSchoolsApp.swift in Sources */ = {isa = PBXBuildFile; fileRef = C4D770BA271DB5D500D33D51 /* _0211017_ArmandoHerrera_NYCSchoolsApp.swift */; };
		C4D770BF271DB5D800D33D51 /* Assets.xcassets in Resources */ = {isa = PBXBuildFile; fileRef = C4D770BE271DB5D800D33D51 /* Assets.xcassets */; };
		C4D770C2271DB5D800D33D51 /* Preview Assets.xcassets in Resources */ = {isa = PBXBuildFile; fileRef = C4D770C1271DB5D800D33D51 /* Preview Assets.xcassets */; };
		C4D770CC271DB5D900D33D51 /* _0211017_ArmandoHerrera_NYCSchoolsTests.swift in Sources */ = {isa = PBXBuildFile; fileRef = C4D770CB271DB5D900D33D51 /* _0211017_ArmandoHerrera_NYCSchoolsTests.swift */; };
		C4D770D6271DB5D900D33D51 /* _0211017_ArmandoHerrera_NYCSchoolsUITests.swift in Sources */ = {isa = PBXBuildFile; fileRef = C4D770D5271DB5D900D33D51 /* _0211017_ArmandoHerrera_NYCSchoolsUITests.swift */; };
		C4D770D8271DB5D900D33D51 /* _0211017_ArmandoHerrera_NYCSchoolsUITestsLaunchTests.swift in Sources */ = {isa = PBXBuildFile; fileRef = C4D770D7271DB5D900D33D51 /* _0211017_ArmandoHerrera_NYCSchoolsUITestsLaunchTests.swift */; };
		C4D770ED271DB67D00D33D51 /* SatResults.swift in Sources */ = {isa = PBXBuildFile; fileRef = C4D770EA271DB67D00D33D51 /* SatResults.swift */; };
		C4D770EE271DB67D00D33D51 /* ContentView.swift in Sources */ = {isa = PBXBuildFile; fileRef = C4D770EB271DB67D00D33D51 /* ContentView.swift */; };
		C4D770EF271DB67D00D33D51 /* SatResultsUIView.swift in Sources */ = {isa = PBXBuildFile; fileRef = C4D770EC271DB67D00D33D51 /* SatResultsUIView.swift */; };
		C4D770F2271DB68500D33D51 /* SatResultsStruct.swift in Sources */ = {isa = PBXBuildFile; fileRef = C4D770F0271DB68500D33D51 /* SatResultsStruct.swift */; };
		C4D770F3271DB68500D33D51 /* SchoolStruct.swift in Sources */ = {isa = PBXBuildFile; fileRef = C4D770F1271DB68500D33D51 /* SchoolStruct.swift */; };
/* End PBXBuildFile section */

/* Begin PBXContainerItemProxy section */
		C4D770C8271DB5D900D33D51 /* PBXContainerItemProxy */ = {
			isa = PBXContainerItemProxy;
			containerPortal = C4D770AF271DB5D500D33D51 /* Project object */;
			proxyType = 1;
			remoteGlobalIDString = C4D770B6271DB5D500D33D51;
			remoteInfo = "20211017-ArmandoHerrera-NYCSchools";
		};
		C4D770D2271DB5D900D33D51 /* PBXContainerItemProxy */ = {
			isa = PBXContainerItemProxy;
			containerPortal = C4D770AF271DB5D500D33D51 /* Project object */;
			proxyType = 1;
			remoteGlobalIDString = C4D770B6271DB5D500D33D51;
			remoteInfo = "20211017-ArmandoHerrera-NYCSchools";
		};
/* End PBXContainerItemProxy section */

/* Begin PBXFileReference section */
		C4D770B7271DB5D500D33D51 /* 20211017-ArmandoHerrera-NYCSchools.app */ = {isa = PBXFileReference; explicitFileType = wrapper.application; includeInIndex = 0; path = "20211017-ArmandoHerrera-NYCSchools.app"; sourceTree = BUILT_PRODUCTS_DIR; };
		C4D770BA271DB5D500D33D51 /* _0211017_ArmandoHerrera_NYCSchoolsApp.swift */ = {isa = PBXFileReference; lastKnownFileType = sourcecode.swift; path = _0211017_ArmandoHerrera_NYCSchoolsApp.swift; sourceTree = "<group>"; };
		C4D770BE271DB5D800D33D51 /* Assets.xcassets */ = {isa = PBXFileReference; lastKnownFileType = folder.assetcatalog; path = Assets.xcassets; sourceTree = "<group>"; };
		C4D770C1271DB5D800D33D51 /* Preview Assets.xcassets */ = {isa = PBXFileReference; lastKnownFileType = folder.assetcatalog; path = "Preview Assets.xcassets"; sourceTree = "<group>"; };
		C4D770C7271DB5D900D33D51 /* 20211017-ArmandoHerrera-NYCSchoolsTests.xctest */ = {isa = PBXFileReference; explicitFileType = wrapper.cfbundle; includeInIndex = 0; path = "20211017-ArmandoHerrera-NYCSchoolsTests.xctest"; sourceTree = BUILT_PRODUCTS_DIR; };
		C4D770CB271DB5D900D33D51 /* _0211017_ArmandoHerrera_NYCSchoolsTests.swift */ = {isa = PBXFileReference; lastKnownFileType = sourcecode.swift; path = _0211017_ArmandoHerrera_NYCSchoolsTests.swift; sourceTree = "<group>"; };
		C4D770D1271DB5D900D33D51 /* 20211017-ArmandoHerrera-NYCSchoolsUITests.xctest */ = {isa = PBXFileReference; explicitFileType = wrapper.cfbundle; includeInIndex = 0; path = "20211017-ArmandoHerrera-NYCSchoolsUITests.xctest"; sourceTree = BUILT_PRODUCTS_DIR; };
		C4D770D5271DB5D900D33D51 /* _0211017_ArmandoHerrera_NYCSchoolsUITests.swift */ = {isa = PBXFileReference; lastKnownFileType = sourcecode.swift; path = _0211017_ArmandoHerrera_NYCSchoolsUITests.swift; sourceTree = "<group>"; };
		C4D770D7271DB5D900D33D51 /* _0211017_ArmandoHerrera_NYCSchoolsUITestsLaunchTests.swift */ = {isa = PBXFileReference; lastKnownFileType = sourcecode.swift; path = _0211017_ArmandoHerrera_NYCSchoolsUITestsLaunchTests.swift; sourceTree = "<group>"; };
		C4D770EA271DB67D00D33D51 /* SatResults.swift */ = {isa = PBXFileReference; fileEncoding = 4; lastKnownFileType = sourcecode.swift; path = SatResults.swift; sourceTree = "<group>"; };
		C4D770EB271DB67D00D33D51 /* ContentView.swift */ = {isa = PBXFileReference; fileEncoding = 4; lastKnownFileType = sourcecode.swift; name = ContentView.swift; path = "../../../Exam2/20211710-ArmandoHerrera-NYCSchools/20211017-ArmandoHerrera-NYCSchools/Views/ContentView.swift"; sourceTree = "<group>"; };
		C4D770EC271DB67D00D33D51 /* SatResultsUIView.swift */ = {isa = PBXFileReference; fileEncoding = 4; lastKnownFileType = sourcecode.swift; path = SatResultsUIView.swift; sourceTree = "<group>"; };
		C4D770F0271DB68500D33D51 /* SatResultsStruct.swift */ = {isa = PBXFileReference; fileEncoding = 4; lastKnownFileType = sourcecode.swift; path = SatResultsStruct.swift; sourceTree = "<group>"; };
		C4D770F1271DB68500D33D51 /* SchoolStruct.swift */ = {isa = PBXFileReference; fileEncoding = 4; lastKnownFileType = sourcecode.swift; path = SchoolStruct.swift; sourceTree = "<group>"; };
/* End PBXFileReference section */

/* Begin PBXFrameworksBuildPhase section */
		C4D770B4271DB5D500D33D51 /* Frameworks */ = {
			isa = PBXFrameworksBuildPhase;
			buildActionMask = 2147483647;
			files = (
			);
			runOnlyForDeploymentPostprocessing = 0;
		};
		C4D770C4271DB5D900D33D51 /* Frameworks */ = {
			isa = PBXFrameworksBuildPhase;
			buildActionMask = 2147483647;
			files = (
			);
			runOnlyForDeploymentPostprocessing = 0;
		};
		C4D770CE271DB5D900D33D51 /* Frameworks */ = {
			isa = PBXFrameworksBuildPhase;
			buildActionMask = 2147483647;
			files = (
			);
			runOnlyForDeploymentPostprocessing = 0;
		};
/* End PBXFrameworksBuildPhase section */

/* Begin PBXGroup section */
		C4D770AE271DB5D500D33D51 = {
			isa = PBXGroup;
			children = (
				C4D770B9271DB5D500D33D51 /* 20211017-ArmandoHerrera-NYCSchools */,
				C4D770CA271DB5D900D33D51 /* 20211017-ArmandoHerrera-NYCSchoolsTests */,
				C4D770D4271DB5D900D33D51 /* 20211017-ArmandoHerrera-NYCSchoolsUITests */,
				C4D770B8271DB5D500D33D51 /* Products */,
			);
			sourceTree = "<group>";
		};
		C4D770B8271DB5D500D33D51 /* Products */ = {
			isa = PBXGroup;
			children = (
				C4D770B7271DB5D500D33D51 /* 20211017-ArmandoHerrera-NYCSchools.app */,
				C4D770C7271DB5D900D33D51 /* 20211017-ArmandoHerrera-NYCSchoolsTests.xctest */,
				C4D770D1271DB5D900D33D51 /* 20211017-ArmandoHerrera-NYCSchoolsUITests.xctest */,
			);
			name = Products;
			sourceTree = "<group>";
		};
		C4D770B9271DB5D500D33D51 /* 20211017-ArmandoHerrera-NYCSchools */ = {
			isa = PBXGroup;
			children = (
				C4D770BA271DB5D500D33D51 /* _0211017_ArmandoHerrera_NYCSchoolsApp.swift */,
				C4D770BE271DB5D800D33D51 /* Assets.xcassets */,
				C4D770F0271DB68500D33D51 /* SatResultsStruct.swift */,
				C4D770F1271DB68500D33D51 /* SchoolStruct.swift */,
				C4D770EB271DB67D00D33D51 /* ContentView.swift */,
				C4D770EA271DB67D00D33D51 /* SatResults.swift */,
				C4D770EC271DB67D00D33D51 /* SatResultsUIView.swift */,
				C4D770C0271DB5D800D33D51 /* Preview Content */,
			);
			path = "20211017-ArmandoHerrera-NYCSchools";
			sourceTree = "<group>";
		};
		C4D770C0271DB5D800D33D51 /* Preview Content */ = {
			isa = PBXGroup;
			children = (
				C4D770C1271DB5D800D33D51 /* Preview Assets.xcassets */,
			);
			path = "Preview Content";
			sourceTree = "<group>";
		};
		C4D770CA271DB5D900D33D51 /* 20211017-ArmandoHerrera-NYCSchoolsTests */ = {
			isa = PBXGroup;
			children = (
				C4D770CB271DB5D900D33D51 /* _0211017_ArmandoHerrera_NYCSchoolsTests.swift */,
			);
			path = "20211017-ArmandoHerrera-NYCSchoolsTests";
			sourceTree = "<group>";
		};
		C4D770D4271DB5D900D33D51 /* 20211017-ArmandoHerrera-NYCSchoolsUITests */ = {
			isa = PBXGroup;
			children = (
				C4D770D5271DB5D900D33D51 /* _0211017_ArmandoHerrera_NYCSchoolsUITests.swift */,
				C4D770D7271DB5D900D33D51 /* _0211017_ArmandoHerrera_NYCSchoolsUITestsLaunchTests.swift */,
			);
			path = "20211017-ArmandoHerrera-NYCSchoolsUITests";
			sourceTree = "<group>";
		};
/* End PBXGroup section */

/* Begin PBXNativeTarget section */
		C4D770B6271DB5D500D33D51 /* 20211017-ArmandoHerrera-NYCSchools */ = {
			isa = PBXNativeTarget;
			buildConfigurationList = C4D770DB271DB5D900D33D51 /* Build configuration list for PBXNativeTarget "20211017-ArmandoHerrera-NYCSchools" */;
			buildPhases = (
				C4D770B3271DB5D500D33D51 /* Sources */,
				C4D770B4271DB5D500D33D51 /* Frameworks */,
				C4D770B5271DB5D500D33D51 /* Resources */,
			);
			buildRules = (
			);
			dependencies = (
			);
			name = "20211017-ArmandoHerrera-NYCSchools";
			productName = "20211017-ArmandoHerrera-NYCSchools";
			productReference = C4D770B7271DB5D500D33D51 /* 20211017-ArmandoHerrera-NYCSchools.app */;
			productType = "com.apple.product-type.application";
		};
		C4D770C6271DB5D900D33D51 /* 20211017-ArmandoHerrera-NYCSchoolsTests */ = {
			isa = PBXNativeTarget;
			buildConfigurationList = C4D770DE271DB5D900D33D51 /* Build configuration list for PBXNativeTarget "20211017-ArmandoHerrera-NYCSchoolsTests" */;
			buildPhases = (
				C4D770C3271DB5D900D33D51 /* Sources */,
				C4D770C4271DB5D900D33D51 /* Frameworks */,
				C4D770C5271DB5D900D33D51 /* Resources */,
			);
			buildRules = (
			);
			dependencies = (
				C4D770C9271DB5D900D33D51 /* PBXTargetDependency */,
			);
			name = "20211017-ArmandoHerrera-NYCSchoolsTests";
			productName = "20211017-ArmandoHerrera-NYCSchoolsTests";
			productReference = C4D770C7271DB5D900D33D51 /* 20211017-ArmandoHerrera-NYCSchoolsTests.xctest */;
			productType = "com.apple.product-type.bundle.unit-test";
		};
		C4D770D0271DB5D900D33D51 /* 20211017-ArmandoHerrera-NYCSchoolsUITests */ = {
			isa = PBXNativeTarget;
			buildConfigurationList = C4D770E1271DB5D900D33D51 /* Build configuration list for PBXNativeTarget "20211017-ArmandoHerrera-NYCSchoolsUITests" */;
			buildPhases = (
				C4D770CD271DB5D900D33D51 /* Sources */,
				C4D770CE271DB5D900D33D51 /* Frameworks */,
				C4D770CF271DB5D900D33D51 /* Resources */,
			);
			buildRules = (
			);
			dependencies = (
				C4D770D3271DB5D900D33D51 /* PBXTargetDependency */,
			);
			name = "20211017-ArmandoHerrera-NYCSchoolsUITests";
			productName = "20211017-ArmandoHerrera-NYCSchoolsUITests";
			productReference = C4D770D1271DB5D900D33D51 /* 20211017-ArmandoHerrera-NYCSchoolsUITests.xctest */;
			productType = "com.apple.product-type.bundle.ui-testing";
		};
/* End PBXNativeTarget section */

/* Begin PBXProject section */
		C4D770AF271DB5D500D33D51 /* Project object */ = {
			isa = PBXProject;
			attributes = {
				BuildIndependentTargetsInParallel = 1;
				LastSwiftUpdateCheck = 1300;
				LastUpgradeCheck = 1300;
				TargetAttributes = {
					C4D770B6271DB5D500D33D51 = {
						CreatedOnToolsVersion = 13.0;
					};
					C4D770C6271DB5D900D33D51 = {
						CreatedOnToolsVersion = 13.0;
						TestTargetID = C4D770B6271DB5D500D33D51;
					};
					C4D770D0271DB5D900D33D51 = {
						CreatedOnToolsVersion = 13.0;
						TestTargetID = C4D770B6271DB5D500D33D51;
					};
				};
			};
			buildConfigurationList = C4D770B2271DB5D500D33D51 /* Build configuration list for PBXProject "20211017-ArmandoHerrera-NYCSchools" */;
			compatibilityVersion = "Xcode 13.0";
			developmentRegion = en;
			hasScannedForEncodings = 0;
			knownRegions = (
				en,
				Base,
			);
			mainGroup = C4D770AE271DB5D500D33D51;
			productRefGroup = C4D770B8271DB5D500D33D51 /* Products */;
			projectDirPath = "";
			projectRoot = "";
			targets = (
				C4D770B6271DB5D500D33D51 /* 20211017-ArmandoHerrera-NYCSchools */,
				C4D770C6271DB5D900D33D51 /* 20211017-ArmandoHerrera-NYCSchoolsTests */,
				C4D770D0271DB5D900D33D51 /* 20211017-ArmandoHerrera-NYCSchoolsUITests */,
			);
		};
/* End PBXProject section */

/* Begin PBXResourcesBuildPhase section */
		C4D770B5271DB5D500D33D51 /* Resources */ = {
			isa = PBXResourcesBuildPhase;
			buildActionMask = 2147483647;
			files = (
				C4D770C2271DB5D800D33D51 /* Preview Assets.xcassets in Resources */,
				C4D770BF271DB5D800D33D51 /* Assets.xcassets in Resources */,
			);
			runOnlyForDeploymentPostprocessing = 0;
		};
		C4D770C5271DB5D900D33D51 /* Resources */ = {
			isa = PBXResourcesBuildPhase;
			buildActionMask = 2147483647;
			files = (
			);
			runOnlyForDeploymentPostprocessing = 0;
		};
		C4D770CF271DB5D900D33D51 /* Resources */ = {
			isa = PBXResourcesBuildPhase;
			buildActionMask = 2147483647;
			files = (
			);
			runOnlyForDeploymentPostprocessing = 0;
		};
/* End PBXResourcesBuildPhase section */

/* Begin PBXSourcesBuildPhase section */
		C4D770B3271DB5D500D33D51 /* Sources */ = {
			isa = PBXSourcesBuildPhase;
			buildActionMask = 2147483647;
			files = (
				C4D770EF271DB67D00D33D51 /* SatResultsUIView.swift in Sources */,
				C4D770BB271DB5D500D33D51 /* _0211017_ArmandoHerrera_NYCSchoolsApp.swift in Sources */,
				C4D770F3271DB68500D33D51 /* SchoolStruct.swift in Sources */,
				C4D770F2271DB68500D33D51 /* SatResultsStruct.swift in Sources */,
				C4D770ED271DB67D00D33D51 /* SatResults.swift in Sources */,
				C4D770EE271DB67D00D33D51 /* ContentView.swift in Sources */,
			);
			runOnlyForDeploymentPostprocessing = 0;
		};
		C4D770C3271DB5D900D33D51 /* Sources */ = {
			isa = PBXSourcesBuildPhase;
			buildActionMask = 2147483647;
			files = (
				C4D770CC271DB5D900D33D51 /* _0211017_ArmandoHerrera_NYCSchoolsTests.swift in Sources */,
			);
			runOnlyForDeploymentPostprocessing = 0;
		};
		C4D770CD271DB5D900D33D51 /* Sources */ = {
			isa = PBXSourcesBuildPhase;
			buildActionMask = 2147483647;
			files = (
				C4D770D6271DB5D900D33D51 /* _0211017_ArmandoHerrera_NYCSchoolsUITests.swift in Sources */,
				C4D770D8271DB5D900D33D51 /* _0211017_ArmandoHerrera_NYCSchoolsUITestsLaunchTests.swift in Sources */,
			);
			runOnlyForDeploymentPostprocessing = 0;
		};
/* End PBXSourcesBuildPhase section */

/* Begin PBXTargetDependency section */
		C4D770C9271DB5D900D33D51 /* PBXTargetDependency */ = {
			isa = PBXTargetDependency;
			target = C4D770B6271DB5D500D33D51 /* 20211017-ArmandoHerrera-NYCSchools */;
			targetProxy = C4D770C8271DB5D900D33D51 /* PBXContainerItemProxy */;
		};
		C4D770D3271DB5D900D33D51 /* PBXTargetDependency */ = {
			isa = PBXTargetDependency;
			target = C4D770B6271DB5D500D33D51 /* 20211017-ArmandoHerrera-NYCSchools */;
			targetProxy = C4D770D2271DB5D900D33D51 /* PBXContainerItemProxy */;
		};
/* End PBXTargetDependency section */

/* Begin XCBuildConfiguration section */
		C4D770D9271DB5D900D33D51 /* Debug */ = {
			isa = XCBuildConfiguration;
			buildSettings = {
				ALWAYS_SEARCH_USER_PATHS = NO;
				CLANG_ANALYZER_NONNULL = YES;
				CLANG_ANALYZER_NUMBER_OBJECT_CONVERSION = YES_AGGRESSIVE;
				CLANG_CXX_LANGUAGE_STANDARD = "gnu++17";
				CLANG_CXX_LIBRARY = "libc++";
				CLANG_ENABLE_MODULES = YES;
				CLANG_ENABLE_OBJC_ARC = YES;
				CLANG_ENABLE_OBJC_WEAK = YES;
				CLANG_WARN_BLOCK_CAPTURE_AUTORELEASING = YES;
				CLANG_WARN_BOOL_CONVERSION = YES;
				CLANG_WARN_COMMA = YES;
				CLANG_WARN_CONSTANT_CONVERSION = YES;
				CLANG_WARN_DEPRECATED_OBJC_IMPLEMENTATIONS = YES;
				CLANG_WARN_DIRECT_OBJC_ISA_USAGE = YES_ERROR;
				CLANG_WARN_DOCUMENTATION_COMMENTS = YES;
				CLANG_WARN_EMPTY_BODY = YES;
				CLANG_WARN_ENUM_CONVERSION = YES;
				CLANG_WARN_INFINITE_RECURSION = YES;
				CLANG_WARN_INT_CONVERSION = YES;
				CLANG_WARN_NON_LITERAL_NULL_CONVERSION = YES;
				CLANG_WARN_OBJC_IMPLICIT_RETAIN_SELF = YES;
				CLANG_WARN_OBJC_LITERAL_CONVERSION = YES;
				CLANG_WARN_OBJC_ROOT_CLASS = YES_ERROR;
				CLANG_WARN_QUOTED_INCLUDE_IN_FRAMEWORK_HEADER = YES;
				CLANG_WARN_RANGE_LOOP_ANALYSIS = YES;
				CLANG_WARN_STRICT_PROTOTYPES = YES;
				CLANG_WARN_SUSPICIOUS_MOVE = YES;
				CLANG_WARN_UNGUARDED_AVAILABILITY = YES_AGGRESSIVE;
				CLANG_WARN_UNREACHABLE_CODE = YES;
				CLANG_WARN__DUPLICATE_METHOD_MATCH = YES;
				COPY_PHASE_STRIP = NO;
				DEBUG_INFORMATION_FORMAT = dwarf;
				ENABLE_STRICT_OBJC_MSGSEND = YES;
				ENABLE_TESTABILITY = YES;
				GCC_C_LANGUAGE_STANDARD = gnu11;
				GCC_DYNAMIC_NO_PIC = NO;
				GCC_NO_COMMON_BLOCKS = YES;
				GCC_OPTIMIZATION_LEVEL = 0;
				GCC_PREPROCESSOR_DEFINITIONS = (
					"DEBUG=1",
					"$(inherited)",
				);
				GCC_WARN_64_TO_32_BIT_CONVERSION = YES;
				GCC_WARN_ABOUT_RETURN_TYPE = YES_ERROR;
				GCC_WARN_UNDECLARED_SELECTOR = YES;
				GCC_WARN_UNINITIALIZED_AUTOS = YES_AGGRESSIVE;
				GCC_WARN_UNUSED_FUNCTION = YES;
				GCC_WARN_UNUSED_VARIABLE = YES;
				IPHONEOS_DEPLOYMENT_TARGET = 15.0;
				MTL_ENABLE_DEBUG_INFO = INCLUDE_SOURCE;
				MTL_FAST_MATH = YES;
				ONLY_ACTIVE_ARCH = YES;
				SDKROOT = iphoneos;
				SWIFT_ACTIVE_COMPILATION_CONDITIONS = DEBUG;
				SWIFT_OPTIMIZATION_LEVEL = "-Onone";
			};
			name = Debug;
		};
		C4D770DA271DB5D900D33D51 /* Release */ = {
			isa = XCBuildConfiguration;
			buildSettings = {
				ALWAYS_SEARCH_USER_PATHS = NO;
				CLANG_ANALYZER_NONNULL = YES;
				CLANG_ANALYZER_NUMBER_OBJECT_CONVERSION = YES_AGGRESSIVE;
				CLANG_CXX_LANGUAGE_STANDARD = "gnu++17";
				CLANG_CXX_LIBRARY = "libc++";
				CLANG_ENABLE_MODULES = YES;
				CLANG_ENABLE_OBJC_ARC = YES;
				CLANG_ENABLE_OBJC_WEAK = YES;
				CLANG_WARN_BLOCK_CAPTURE_AUTORELEASING = YES;
				CLANG_WARN_BOOL_CONVERSION = YES;
				CLANG_WARN_COMMA = YES;
				CLANG_WARN_CONSTANT_CONVERSION = YES;
				CLANG_WARN_DEPRECATED_OBJC_IMPLEMENTATIONS = YES;
				CLANG_WARN_DIRECT_OBJC_ISA_USAGE = YES_ERROR;
				CLANG_WARN_DOCUMENTATION_COMMENTS = YES;
				CLANG_WARN_EMPTY_BODY = YES;
				CLANG_WARN_ENUM_CONVERSION = YES;
				CLANG_WARN_INFINITE_RECURSION = YES;
				CLANG_WARN_INT_CONVERSION = YES;
				CLANG_WARN_NON_LITERAL_NULL_CONVERSION = YES;
				CLANG_WARN_OBJC_IMPLICIT_RETAIN_SELF = YES;
				CLANG_WARN_OBJC_LITERAL_CONVERSION = YES;
				CLANG_WARN_OBJC_ROOT_CLASS = YES_ERROR;
				CLANG_WARN_QUOTED_INCLUDE_IN_FRAMEWORK_HEADER = YES;
				CLANG_WARN_RANGE_LOOP_ANALYSIS = YES;
				CLANG_WARN_STRICT_PROTOTYPES = YES;
				CLANG_WARN_SUSPICIOUS_MOVE = YES;
				CLANG_WARN_UNGUARDED_AVAILABILITY = YES_AGGRESSIVE;
				CLANG_WARN_UNREACHABLE_CODE = YES;
				CLANG_WARN__DUPLICATE_METHOD_MATCH = YES;
				COPY_PHASE_STRIP = NO;
				DEBUG_INFORMATION_FORMAT = "dwarf-with-dsym";
				ENABLE_NS_ASSERTIONS = NO;
				ENABLE_STRICT_OBJC_MSGSEND = YES;
				GCC_C_LANGUAGE_STANDARD = gnu11;
				GCC_NO_COMMON_BLOCKS = YES;
				GCC_WARN_64_TO_32_BIT_CONVERSION = YES;
				GCC_WARN_ABOUT_RETURN_TYPE = YES_ERROR;
				GCC_WARN_UNDECLARED_SELECTOR = YES;
				GCC_WARN_UNINITIALIZED_AUTOS = YES_AGGRESSIVE;
				GCC_WARN_UNUSED_FUNCTION = YES;
				GCC_WARN_UNUSED_VARIABLE = YES;
				IPHONEOS_DEPLOYMENT_TARGET = 15.0;
				MTL_ENABLE_DEBUG_INFO = NO;
				MTL_FAST_MATH = YES;
				SDKROOT = iphoneos;
				SWIFT_COMPILATION_MODE = wholemodule;
				SWIFT_OPTIMIZATION_LEVEL = "-O";
				VALIDATE_PRODUCT = YES;
			};
			name = Release;
		};
		C4D770DC271DB5D900D33D51 /* Debug */ = {
			isa = XCBuildConfiguration;
			buildSettings = {
				ASSETCATALOG_COMPILER_APPICON_NAME = AppIcon;
				ASSETCATALOG_COMPILER_GLOBAL_ACCENT_COLOR_NAME = AccentColor;
				CODE_SIGN_STYLE = Automatic;
				CURRENT_PROJECT_VERSION = 1;
				DEVELOPMENT_ASSET_PATHS = "\"20211017-ArmandoHerrera-NYCSchools/Preview Content\"";
				DEVELOPMENT_TEAM = Y4986QH5Z5;
				ENABLE_PREVIEWS = YES;
				GENERATE_INFOPLIST_FILE = YES;
				INFOPLIST_KEY_UIApplicationSceneManifest_Generation = YES;
				INFOPLIST_KEY_UIApplicationSupportsIndirectInputEvents = YES;
				INFOPLIST_KEY_UILaunchScreen_Generation = YES;
				INFOPLIST_KEY_UISupportedInterfaceOrientations_iPad = "UIInterfaceOrientationPortrait UIInterfaceOrientationPortraitUpsideDown UIInterfaceOrientationLandscapeLeft UIInterfaceOrientationLandscapeRight";
				INFOPLIST_KEY_UISupportedInterfaceOrientations_iPhone = "UIInterfaceOrientationPortrait UIInterfaceOrientationLandscapeLeft UIInterfaceOrientationLandscapeRight";
				IPHONEOS_DEPLOYMENT_TARGET = 14.0;
				LD_RUNPATH_SEARCH_PATHS = (
					"$(inherited)",
					"@executable_path/Frameworks",
				);
				MARKETING_VERSION = 1.0;
				PRODUCT_BUNDLE_IDENTIFIER = "com.armandoherrera.20211017-ArmandoHerrera-NYCSchools.-0211017-ArmandoHerrera-NYCSchools";
				PRODUCT_NAME = "$(TARGET_NAME)";
				SWIFT_EMIT_LOC_STRINGS = YES;
				SWIFT_VERSION = 5.0;
				TARGETED_DEVICE_FAMILY = "1,2";
			};
			name = Debug;
		};
		C4D770DD271DB5D900D33D51 /* Release */ = {
			isa = XCBuildConfiguration;
			buildSettings = {
				ASSETCATALOG_COMPILER_APPICON_NAME = AppIcon;
				ASSETCATALOG_COMPILER_GLOBAL_ACCENT_COLOR_NAME = AccentColor;
				CODE_SIGN_STYLE = Automatic;
				CURRENT_PROJECT_VERSION = 1;
				DEVELOPMENT_ASSET_PATHS = "\"20211017-ArmandoHerrera-NYCSchools/Preview Content\"";
				DEVELOPMENT_TEAM = Y4986QH5Z5;
				ENABLE_PREVIEWS = YES;
				GENERATE_INFOPLIST_FILE = YES;
				INFOPLIST_KEY_UIApplicationSceneManifest_Generation = YES;
				INFOPLIST_KEY_UIApplicationSupportsIndirectInputEvents = YES;
				INFOPLIST_KEY_UILaunchScreen_Generation = YES;
				INFOPLIST_KEY_UISupportedInterfaceOrientations_iPad = "UIInterfaceOrientationPortrait UIInterfaceOrientationPortraitUpsideDown UIInterfaceOrientationLandscapeLeft UIInterfaceOrientationLandscapeRight";
				INFOPLIST_KEY_UISupportedInterfaceOrientations_iPhone = "UIInterfaceOrientationPortrait UIInterfaceOrientationLandscapeLeft UIInterfaceOrientationLandscapeRight";
				IPHONEOS_DEPLOYMENT_TARGET = 14.0;
				LD_RUNPATH_SEARCH_PATHS = (
					"$(inherited)",
					"@executable_path/Frameworks",
				);
				MARKETING_VERSION = 1.0;
				PRODUCT_BUNDLE_IDENTIFIER = "com.armandoherrera.20211017-ArmandoHerrera-NYCSchools.-0211017-ArmandoHerrera-NYCSchools";
				PRODUCT_NAME = "$(TARGET_NAME)";
				SWIFT_EMIT_LOC_STRINGS = YES;
				SWIFT_VERSION = 5.0;
				TARGETED_DEVICE_FAMILY = "1,2";
			};
			name = Release;
		};
		C4D770DF271DB5D900D33D51 /* Debug */ = {
			isa = XCBuildConfiguration;
			buildSettings = {
				ALWAYS_EMBED_SWIFT_STANDARD_LIBRARIES = YES;
				BUNDLE_LOADER = "$(TEST_HOST)";
				CODE_SIGN_STYLE = Automatic;
				CURRENT_PROJECT_VERSION = 1;
				DEVELOPMENT_TEAM = Y4986QH5Z5;
				GENERATE_INFOPLIST_FILE = YES;
				IPHONEOS_DEPLOYMENT_TARGET = 14.0;
				LD_RUNPATH_SEARCH_PATHS = (
					"$(inherited)",
					"@executable_path/Frameworks",
					"@loader_path/Frameworks",
				);
				MARKETING_VERSION = 1.0;
				PRODUCT_BUNDLE_IDENTIFIER = "com.armandoherrera.20211017-ArmandoHerrera-NYCSchools.-0211017-ArmandoHerrera-NYCSchoolsTests";
				PRODUCT_NAME = "$(TARGET_NAME)";
				SWIFT_EMIT_LOC_STRINGS = NO;
				SWIFT_VERSION = 5.0;
				TARGETED_DEVICE_FAMILY = "1,2";
				TEST_HOST = "$(BUILT_PRODUCTS_DIR)/20211017-ArmandoHerrera-NYCSchools.app/20211017-ArmandoHerrera-NYCSchools";
			};
			name = Debug;
		};
		C4D770E0271DB5D900D33D51 /* Release */ = {
			isa = XCBuildConfiguration;
			buildSettings = {
				ALWAYS_EMBED_SWIFT_STANDARD_LIBRARIES = YES;
				BUNDLE_LOADER = "$(TEST_HOST)";
				CODE_SIGN_STYLE = Automatic;
				CURRENT_PROJECT_VERSION = 1;
				DEVELOPMENT_TEAM = Y4986QH5Z5;
				GENERATE_INFOPLIST_FILE = YES;
				IPHONEOS_DEPLOYMENT_TARGET = 14.0;
				LD_RUNPATH_SEARCH_PATHS = (
					"$(inherited)",
					"@executable_path/Frameworks",
					"@loader_path/Frameworks",
				);
				MARKETING_VERSION = 1.0;
				PRODUCT_BUNDLE_IDENTIFIER = "com.armandoherrera.20211017-ArmandoHerrera-NYCSchools.-0211017-ArmandoHerrera-NYCSchoolsTests";
				PRODUCT_NAME = "$(TARGET_NAME)";
				SWIFT_EMIT_LOC_STRINGS = NO;
				SWIFT_VERSION = 5.0;
				TARGETED_DEVICE_FAMILY = "1,2";
				TEST_HOST = "$(BUILT_PRODUCTS_DIR)/20211017-ArmandoHerrera-NYCSchools.app/20211017-ArmandoHerrera-NYCSchools";
			};
			name = Release;
		};
		C4D770E2271DB5D900D33D51 /* Debug */ = {
			isa = XCBuildConfiguration;
			buildSettings = {
				ALWAYS_EMBED_SWIFT_STANDARD_LIBRARIES = YES;
				CODE_SIGN_STYLE = Automatic;
				CURRENT_PROJECT_VERSION = 1;
				DEVELOPMENT_TEAM = Y4986QH5Z5;
				GENERATE_INFOPLIST_FILE = YES;
				LD_RUNPATH_SEARCH_PATHS = (
					"$(inherited)",
					"@executable_path/Frameworks",
					"@loader_path/Frameworks",
				);
				MARKETING_VERSION = 1.0;
				PRODUCT_BUNDLE_IDENTIFIER = "com.armandoherrera.20211017-ArmandoHerrera-NYCSchools.-0211017-ArmandoHerrera-NYCSchoolsUITests";
				PRODUCT_NAME = "$(TARGET_NAME)";
				SWIFT_EMIT_LOC_STRINGS = NO;
				SWIFT_VERSION = 5.0;
				TARGETED_DEVICE_FAMILY = "1,2";
				TEST_TARGET_NAME = "20211017-ArmandoHerrera-NYCSchools";
			};
			name = Debug;
		};
		C4D770E3271DB5D900D33D51 /* Release */ = {
			isa = XCBuildConfiguration;
			buildSettings = {
				ALWAYS_EMBED_SWIFT_STANDARD_LIBRARIES = YES;
				CODE_SIGN_STYLE = Automatic;
				CURRENT_PROJECT_VERSION = 1;
				DEVELOPMENT_TEAM = Y4986QH5Z5;
				GENERATE_INFOPLIST_FILE = YES;
				LD_RUNPATH_SEARCH_PATHS = (
					"$(inherited)",
					"@executable_path/Frameworks",
					"@loader_path/Frameworks",
				);
				MARKETING_VERSION = 1.0;
				PRODUCT_BUNDLE_IDENTIFIER = "com.armandoherrera.20211017-ArmandoHerrera-NYCSchools.-0211017-ArmandoHerrera-NYCSchoolsUITests";
				PRODUCT_NAME = "$(TARGET_NAME)";
				SWIFT_EMIT_LOC_STRINGS = NO;
				SWIFT_VERSION = 5.0;
				TARGETED_DEVICE_FAMILY = "1,2";
				TEST_TARGET_NAME = "20211017-ArmandoHerrera-NYCSchools";
			};
			name = Release;
		};
/* End XCBuildConfiguration section */

/* Begin XCConfigurationList section */
		C4D770B2271DB5D500D33D51 /* Build configuration list for PBXProject "20211017-ArmandoHerrera-NYCSchools" */ = {
			isa = XCConfigurationList;
			buildConfigurations = (
				C4D770D9271DB5D900D33D51 /* Debug */,
				C4D770DA271DB5D900D33D51 /* Release */,
			);
			defaultConfigurationIsVisible = 0;
			defaultConfigurationName = Release;
		};
		C4D770DB271DB5D900D33D51 /* Build configuration list for PBXNativeTarget "20211017-ArmandoHerrera-NYCSchools" */ = {
			isa = XCConfigurationList;
			buildConfigurations = (
				C4D770DC271DB5D900D33D51 /* Debug */,
				C4D770DD271DB5D900D33D51 /* Release */,
			);
			defaultConfigurationIsVisible = 0;
			defaultConfigurationName = Release;
		};
		C4D770DE271DB5D900D33D51 /* Build configuration list for PBXNativeTarget "20211017-ArmandoHerrera-NYCSchoolsTests" */ = {
			isa = XCConfigurationList;
			buildConfigurations = (
				C4D770DF271DB5D900D33D51 /* Debug */,
				C4D770E0271DB5D900D33D51 /* Release */,
			);
			defaultConfigurationIsVisible = 0;
			defaultConfigurationName = Release;
		};
		C4D770E1271DB5D900D33D51 /* Build configuration list for PBXNativeTarget "20211017-ArmandoHerrera-NYCSchoolsUITests" */ = {
			isa = XCConfigurationList;
			buildConfigurations = (
				C4D770E2271DB5D900D33D51 /* Debug */,
				C4D770E3271DB5D900D33D51 /* Release */,
			);
			defaultConfigurationIsVisible = 0;
			defaultConfigurationName = Release;
		};
/* End XCConfigurationList section */
	};
	rootObject = C4D770AF271DB5D500D33D51 /* Project object */;
}
